
Microsoft Visual Studio Solution File, Format Version 12.00
# Visual Studio Version 17
VisualStudioVersion = 17.10.35122.118
MinimumVisualStudioVersion = 10.0.40219.1
Project("{FAE04EC0-301F-11D3-BF4B-00C04F79EFBC}") = "RealEstate_Dapper_Api", "RealEstate_Dapper_Api\RealEstate_Dapper_Api.csproj", "{6848933B-6A83-45D4-9978-3E57CFAE314F}"
EndProject
Project("{FAE04EC0-301F-11D3-BF4B-00C04F79EFBC}") = "RealEstate_Dapper_UI", "RealEstate_Dapper_UI\RealEstate_Dapper_UI.csproj", "{078D97E4-899D-4BAC-B7D8-97B0071E9DC9}"
EndProject
Global
	GlobalSection(SolutionConfigurationPlatforms) = preSolution
		Debug|Any CPU = Debug|Any CPU
		Release|Any CPU = Release|Any CPU
	EndGlobalSection
	GlobalSection(ProjectConfigurationPlatforms) = postSolution
		{6848933B-6A83-45D4-9978-3E57CFAE314F}.Debug|Any CPU.ActiveCfg = Debug|Any CPU
		{6848933B-6A83-45D4-9978-3E57CFAE314F}.Debug|Any CPU.Build.0 = Debug|Any CPU
		{6848933B-6A83-45D4-9978-3E57CFAE314F}.Release|Any CPU.ActiveCfg = Release|Any CPU
		{6848933B-6A83-45D4-9978-3E57CFAE314F}.Release|Any CPU.Build.0 = Release|Any CPU
		{078D97E4-899D-4BAC-B7D8-97B0071E9DC9}.Debug|Any CPU.ActiveCfg = Debug|Any CPU
		{078D97E4-899D-4BAC-B7D8-97B0071E9DC9}.Debug|Any CPU.Build.0 = Debug|Any CPU
		{078D97E4-899D-4BAC-B7D8-97B0071E9DC9}.Release|Any CPU.ActiveCfg = Release|Any CPU
		{078D97E4-899D-4BAC-B7D8-97B0071E9DC9}.Release|Any CPU.Build.0 = Release|Any CPU
	EndGlobalSection
	GlobalSection(SolutionProperties) = preSolution
		HideSolutionNode = FALSE
	EndGlobalSection
	GlobalSection(ExtensibilityGlobals) = postSolution
		SolutionGuid = {90766A6F-CDD8-4AEA-9B6F-252DED97E338}
	EndGlobalSection
EndGlobal
